
Microsoft Visual Studio Solution File, Format Version 12.00
# Visual Studio 15
VisualStudioVersion = 15.0.27004.2009
MinimumVisualStudioVersion = 10.0.40219.1
Project("{FAE04EC0-301F-11D3-BF4B-00C04F79EFBC}") = "TimeConversion", "TimeConversion\TimeConversion.csproj", "{9F0B89E1-AC77-45DD-81B8-11B4943CE26B}"
EndProject
Global
	GlobalSection(SolutionConfigurationPlatforms) = preSolution
		Debug|Any CPU = Debug|Any CPU
		Release|Any CPU = Release|Any CPU
	EndGlobalSection
	GlobalSection(ProjectConfigurationPlatforms) = postSolution
		{9F0B89E1-AC77-45DD-81B8-11B4943CE26B}.Debug|Any CPU.ActiveCfg = Debug|Any CPU
		{9F0B89E1-AC77-45DD-81B8-11B4943CE26B}.Debug|Any CPU.Build.0 = Debug|Any CPU
		{9F0B89E1-AC77-45DD-81B8-11B4943CE26B}.Release|Any CPU.ActiveCfg = Release|Any CPU
		{9F0B89E1-AC77-45DD-81B8-11B4943CE26B}.Release|Any CPU.Build.0 = Release|Any CPU
	EndGlobalSection
	GlobalSection(SolutionProperties) = preSolution
		HideSolutionNode = FALSE
	EndGlobalSection
	GlobalSection(ExtensibilityGlobals) = postSolution
		SolutionGuid = {EE89962B-8B78-4F85-9253-792A6BC7D733}
	EndGlobalSection
EndGlobal
