
Microsoft Visual Studio Solution File, Format Version 12.00
# Visual Studio 15
VisualStudioVersion = 15.0.27004.2009
MinimumVisualStudioVersion = 10.0.40219.1
Project("{FAE04EC0-301F-11D3-BF4B-00C04F79EFBC}") = "A Very Big Sum", "A Very Big Sum\A Very Big Sum.csproj", "{86F51173-4800-49FB-9CB8-3264704B5135}"
EndProject
Global
	GlobalSection(SolutionConfigurationPlatforms) = preSolution
		Debug|Any CPU = Debug|Any CPU
		Release|Any CPU = Release|Any CPU
	EndGlobalSection
	GlobalSection(ProjectConfigurationPlatforms) = postSolution
		{86F51173-4800-49FB-9CB8-3264704B5135}.Debug|Any CPU.ActiveCfg = Debug|Any CPU
		{86F51173-4800-49FB-9CB8-3264704B5135}.Debug|Any CPU.Build.0 = Debug|Any CPU
		{86F51173-4800-49FB-9CB8-3264704B5135}.Release|Any CPU.ActiveCfg = Release|Any CPU
		{86F51173-4800-49FB-9CB8-3264704B5135}.Release|Any CPU.Build.0 = Release|Any CPU
	EndGlobalSection
	GlobalSection(SolutionProperties) = preSolution
		HideSolutionNode = FALSE
	EndGlobalSection
	GlobalSection(ExtensibilityGlobals) = postSolution
		SolutionGuid = {0A051A40-FDD6-4415-8157-28139A3FEA5E}
	EndGlobalSection
EndGlobal
